
Microsoft Visual Studio Solution File, Format Version 12.00
# Visual Studio Version 17
VisualStudioVersion = 17.9.34728.123
MinimumVisualStudioVersion = 10.0.40219.1
Project("{FAE04EC0-301F-11D3-BF4B-00C04F79EFBC}") = "Chess-Backend", "Chess-Backend.csproj", "{8530004C-0285-4347-9FCF-3EB168EAD22C}"
EndProject
Global
	GlobalSection(SolutionConfigurationPlatforms) = preSolution
		Debug|Any CPU = Debug|Any CPU
		Release|Any CPU = Release|Any CPU
	EndGlobalSection
	GlobalSection(ProjectConfigurationPlatforms) = postSolution
		{8530004C-0285-4347-9FCF-3EB168EAD22C}.Debug|Any CPU.ActiveCfg = Debug|Any CPU
		{8530004C-0285-4347-9FCF-3EB168EAD22C}.Debug|Any CPU.Build.0 = Debug|Any CPU
		{8530004C-0285-4347-9FCF-3EB168EAD22C}.Release|Any CPU.ActiveCfg = Release|Any CPU
		{8530004C-0285-4347-9FCF-3EB168EAD22C}.Release|Any CPU.Build.0 = Release|Any CPU
	EndGlobalSection
	GlobalSection(SolutionProperties) = preSolution
		HideSolutionNode = FALSE
	EndGlobalSection
	GlobalSection(ExtensibilityGlobals) = postSolution
		SolutionGuid = {663F5834-24E5-437E-B73B-B4E6CE467B9E}
	EndGlobalSection
EndGlobal
